// !$*UTF8*$!
{
	archiveVersion = 1;
	classes = {
	};
	objectVersion = 46;
	objects = {

/* Begin PBXBuildFile section */
		78752AAE190634AA00CD168D /* Foundation.framework in Frameworks */ = {isa = PBXBuildFile; fileRef = 78752AAD190634AA00CD168D /* Foundation.framework */; };
		78752AB0190634AA00CD168D /* CoreGraphics.framework in Frameworks */ = {isa = PBXBuildFile; fileRef = 78752AAF190634AA00CD168D /* CoreGraphics.framework */; };
		78752AB2190634AA00CD168D /* UIKit.framework in Frameworks */ = {isa = PBXBuildFile; fileRef = 78752AB1190634AA00CD168D /* UIKit.framework */; };
		78752AB8190634AA00CD168D /* InfoPlist.strings in Resources */ = {isa = PBXBuildFile; fileRef = 78752AB6190634AA00CD168D /* InfoPlist.strings */; };
		78752ABA190634AA00CD168D /* main.m in Sources */ = {isa = PBXBuildFile; fileRef = 78752AB9190634AA00CD168D /* main.m */; };
		78752ABE190634AA00CD168D /* AppDelegate.m in Sources */ = {isa = PBXBuildFile; fileRef = 78752ABD190634AA00CD168D /* AppDelegate.m */; };
		78752AC1190634AA00CD168D /* Main.storyboard in Resources */ = {isa = PBXBuildFile; fileRef = 78752ABF190634AA00CD168D /* Main.storyboard */; };
		78752AC4190634AA00CD168D /* ViewController.m in Sources */ = {isa = PBXBuildFile; fileRef = 78752AC3190634AA00CD168D /* ViewController.m */; };
		78752AC6190634AA00CD168D /* Images.xcassets in Resources */ = {isa = PBXBuildFile; fileRef = 78752AC5190634AA00CD168D /* Images.xcassets */; };
		78752ACD190634AA00CD168D /* XCTest.framework in Frameworks */ = {isa = PBXBuildFile; fileRef = 78752ACC190634AA00CD168D /* XCTest.framework */; };
		78752ACE190634AA00CD168D /* Foundation.framework in Frameworks */ = {isa = PBXBuildFile; fileRef = 78752AAD190634AA00CD168D /* Foundation.framework */; };
		78752ACF190634AA00CD168D /* UIKit.framework in Frameworks */ = {isa = PBXBuildFile; fileRef = 78752AB1190634AA00CD168D /* UIKit.framework */; };
		78752AD7190634AA00CD168D /* InfoPlist.strings in Resources */ = {isa = PBXBuildFile; fileRef = 78752AD5190634AA00CD168D /* InfoPlist.strings */; };
		78752AD9190634AA00CD168D /* LocalizeTests.m in Sources */ = {isa = PBXBuildFile; fileRef = 78752AD8190634AA00CD168D /* LocalizeTests.m */; };
		78752AEA1906379400CD168D /* img.png in Resources */ = {isa = PBXBuildFile; fileRef = 78752AEC1906379400CD168D /* img.png */; };
		78752AF419063E8F00CD168D /* Localizable.strings in Resources */ = {isa = PBXBuildFile; fileRef = 78752AF619063E8F00CD168D /* Localizable.strings */; };
/* End PBXBuildFile section */

/* Begin PBXContainerItemProxy section */
		78752AD0190634AA00CD168D /* PBXContainerItemProxy */ = {
			isa = PBXContainerItemProxy;
			containerPortal = 78752AA2190634AA00CD168D /* Project object */;
			proxyType = 1;
			remoteGlobalIDString = 78752AA9190634AA00CD168D;
			remoteInfo = Localize;
		};
/* End PBXContainerItemProxy section */

/* Begin PBXFileReference section */
		78752AAA190634AA00CD168D /* Localize.app */ = {isa = PBXFileReference; explicitFileType = wrapper.application; includeInIndex = 0; path = Localize.app; sourceTree = BUILT_PRODUCTS_DIR; };
		78752AAD190634AA00CD168D /* Foundation.framework */ = {isa = PBXFileReference; lastKnownFileType = wrapper.framework; name = Foundation.framework; path = System/Library/Frameworks/Foundation.framework; sourceTree = SDKROOT; };
		78752AAF190634AA00CD168D /* CoreGraphics.framework */ = {isa = PBXFileReference; lastKnownFileType = wrapper.framework; name = CoreGraphics.framework; path = System/Library/Frameworks/CoreGraphics.framework; sourceTree = SDKROOT; };
		78752AB1190634AA00CD168D /* UIKit.framework */ = {isa = PBXFileReference; lastKnownFileType = wrapper.framework; name = UIKit.framework; path = System/Library/Frameworks/UIKit.framework; sourceTree = SDKROOT; };
		78752AB5190634AA00CD168D /* Localize-Info.plist */ = {isa = PBXFileReference; lastKnownFileType = text.plist.xml; path = "Localize-Info.plist"; sourceTree = "<group>"; };
		78752AB7190634AA00CD168D /* en */ = {isa = PBXFileReference; lastKnownFileType = text.plist.strings; name = en; path = en.lproj/InfoPlist.strings; sourceTree = "<group>"; };
		78752AB9190634AA00CD168D /* main.m */ = {isa = PBXFileReference; lastKnownFileType = sourcecode.c.objc; path = main.m; sourceTree = "<group>"; };
		78752ABB190634AA00CD168D /* Localize-Prefix.pch */ = {isa = PBXFileReference; lastKnownFileType = sourcecode.c.h; path = "Localize-Prefix.pch"; sourceTree = "<group>"; };
		78752ABC190634AA00CD168D /* AppDelegate.h */ = {isa = PBXFileReference; lastKnownFileType = sourcecode.c.h; path = AppDelegate.h; sourceTree = "<group>"; };
		78752ABD190634AA00CD168D /* AppDelegate.m */ = {isa = PBXFileReference; lastKnownFileType = sourcecode.c.objc; path = AppDelegate.m; sourceTree = "<group>"; };
		78752AC0190634AA00CD168D /* Base */ = {isa = PBXFileReference; lastKnownFileType = file.storyboard; name = Base; path = Base.lproj/Main.storyboard; sourceTree = "<group>"; };
		78752AC2190634AA00CD168D /* ViewController.h */ = {isa = PBXFileReference; lastKnownFileType = sourcecode.c.h; path = ViewController.h; sourceTree = "<group>"; };
		78752AC3190634AA00CD168D /* ViewController.m */ = {isa = PBXFileReference; lastKnownFileType = sourcecode.c.objc; path = ViewController.m; sourceTree = "<group>"; };
		78752AC5190634AA00CD168D /* Images.xcassets */ = {isa = PBXFileReference; lastKnownFileType = folder.assetcatalog; path = Images.xcassets; sourceTree = "<group>"; };
		78752ACB190634AA00CD168D /* LocalizeTests.xctest */ = {isa = PBXFileReference; explicitFileType = wrapper.cfbundle; includeInIndex = 0; path = LocalizeTests.xctest; sourceTree = BUILT_PRODUCTS_DIR; };
		78752ACC190634AA00CD168D /* XCTest.framework */ = {isa = PBXFileReference; lastKnownFileType = wrapper.framework; name = XCTest.framework; path = Library/Frameworks/XCTest.framework; sourceTree = DEVELOPER_DIR; };
		78752AD4190634AA00CD168D /* LocalizeTests-Info.plist */ = {isa = PBXFileReference; lastKnownFileType = text.plist.xml; path = "LocalizeTests-Info.plist"; sourceTree = "<group>"; };
		78752AD6190634AA00CD168D /* en */ = {isa = PBXFileReference; lastKnownFileType = text.plist.strings; name = en; path = en.lproj/InfoPlist.strings; sourceTree = "<group>"; };
		78752AD8190634AA00CD168D /* LocalizeTests.m */ = {isa = PBXFileReference; lastKnownFileType = sourcecode.c.objc; path = LocalizeTests.m; sourceTree = "<group>"; };
		78752AE2190634EF00CD168D /* ja */ = {isa = PBXFileReference; lastKnownFileType = text.plist.strings; name = ja; path = ja.lproj/InfoPlist.strings; sourceTree = "<group>"; };
		78752AE3190634EF00CD168D /* ja */ = {isa = PBXFileReference; lastKnownFileType = text.plist.strings; name = ja; path = ja.lproj/InfoPlist.strings; sourceTree = "<group>"; };
		78752AEB1906379400CD168D /* en */ = {isa = PBXFileReference; lastKnownFileType = image.png; name = en; path = en.lproj/img.png; sourceTree = "<group>"; };
		78752AED190637C700CD168D /* ja */ = {isa = PBXFileReference; lastKnownFileType = image.png; name = ja; path = ja.lproj/img.png; sourceTree = "<group>"; };
		78752AEF19063ABA00CD168D /* fr */ = {isa = PBXFileReference; lastKnownFileType = image.png; name = fr; path = fr.lproj/img.png; sourceTree = "<group>"; };
		78752AF019063ABA00CD168D /* fr */ = {isa = PBXFileReference; lastKnownFileType = text.plist.strings; name = fr; path = fr.lproj/InfoPlist.strings; sourceTree = "<group>"; };
		78752AF119063ABA00CD168D /* fr */ = {isa = PBXFileReference; lastKnownFileType = text.plist.strings; name = fr; path = fr.lproj/InfoPlist.strings; sourceTree = "<group>"; };
		78752AF519063E8F00CD168D /* en */ = {isa = PBXFileReference; lastKnownFileType = text.plist.strings; name = en; path = en.lproj/Localizable.strings; sourceTree = "<group>"; };
		78752AF719063E9E00CD168D /* ja */ = {isa = PBXFileReference; lastKnownFileType = text.plist.strings; name = ja; path = ja.lproj/Localizable.strings; sourceTree = "<group>"; };
		78752AF819063EA200CD168D /* fr */ = {isa = PBXFileReference; lastKnownFileType = text.plist.strings; name = fr; path = fr.lproj/Localizable.strings; sourceTree = "<group>"; };
/* End PBXFileReference section */

/* Begin PBXFrameworksBuildPhase section */
		78752AA7190634AA00CD168D /* Frameworks */ = {
			isa = PBXFrameworksBuildPhase;
			buildActionMask = 2147483647;
			files = (
				78752AB0190634AA00CD168D /* CoreGraphics.framework in Frameworks */,
				78752AB2190634AA00CD168D /* UIKit.framework in Frameworks */,
				78752AAE190634AA00CD168D /* Foundation.framework in Frameworks */,
			);
			runOnlyForDeploymentPostprocessing = 0;
		};
		78752AC8190634AA00CD168D /* Frameworks */ = {
			isa = PBXFrameworksBuildPhase;
			buildActionMask = 2147483647;
			files = (
				78752ACD190634AA00CD168D /* XCTest.framework in Frameworks */,
				78752ACF190634AA00CD168D /* UIKit.framework in Frameworks */,
				78752ACE190634AA00CD168D /* Foundation.framework in Frameworks */,
			);
			runOnlyForDeploymentPostprocessing = 0;
		};
/* End PBXFrameworksBuildPhase section */

/* Begin PBXGroup section */
		78752AA1190634AA00CD168D = {
			isa = PBXGroup;
			children = (
				78752AB3190634AA00CD168D /* Localize */,
				78752AD2190634AA00CD168D /* LocalizeTests */,
				78752AAC190634AA00CD168D /* Frameworks */,
				78752AAB190634AA00CD168D /* Products */,
			);
			sourceTree = "<group>";
		};
		78752AAB190634AA00CD168D /* Products */ = {
			isa = PBXGroup;
			children = (
				78752AAA190634AA00CD168D /* Localize.app */,
				78752ACB190634AA00CD168D /* LocalizeTests.xctest */,
			);
			name = Products;
			sourceTree = "<group>";
		};
		78752AAC190634AA00CD168D /* Frameworks */ = {
			isa = PBXGroup;
			children = (
				78752AAD190634AA00CD168D /* Foundation.framework */,
				78752AAF190634AA00CD168D /* CoreGraphics.framework */,
				78752AB1190634AA00CD168D /* UIKit.framework */,
				78752ACC190634AA00CD168D /* XCTest.framework */,
			);
			name = Frameworks;
			sourceTree = "<group>";
		};
		78752AB3190634AA00CD168D /* Localize */ = {
			isa = PBXGroup;
			children = (
				78752ABC190634AA00CD168D /* AppDelegate.h */,
				78752ABD190634AA00CD168D /* AppDelegate.m */,
				78752ABF190634AA00CD168D /* Main.storyboard */,
				78752AC2190634AA00CD168D /* ViewController.h */,
				78752AC3190634AA00CD168D /* ViewController.m */,
				78752AC5190634AA00CD168D /* Images.xcassets */,
				78752AB4190634AA00CD168D /* Supporting Files */,
			);
			path = Localize;
			sourceTree = "<group>";
		};
		78752AB4190634AA00CD168D /* Supporting Files */ = {
			isa = PBXGroup;
			children = (
				78752AEC1906379400CD168D /* img.png */,
				78752AB5190634AA00CD168D /* Localize-Info.plist */,
				78752AB6190634AA00CD168D /* InfoPlist.strings */,
				78752AB9190634AA00CD168D /* main.m */,
				78752ABB190634AA00CD168D /* Localize-Prefix.pch */,
				78752AF619063E8F00CD168D /* Localizable.strings */,
			);
			name = "Supporting Files";
			sourceTree = "<group>";
		};
		78752AD2190634AA00CD168D /* LocalizeTests */ = {
			isa = PBXGroup;
			children = (
				78752AD8190634AA00CD168D /* LocalizeTests.m */,
				78752AD3190634AA00CD168D /* Supporting Files */,
			);
			path = LocalizeTests;
			sourceTree = "<group>";
		};
		78752AD3190634AA00CD168D /* Supporting Files */ = {
			isa = PBXGroup;
			children = (
				78752AD4190634AA00CD168D /* LocalizeTests-Info.plist */,
				78752AD5190634AA00CD168D /* InfoPlist.strings */,
			);
			name = "Supporting Files";
			sourceTree = "<group>";
		};
/* End PBXGroup section */

/* Begin PBXNativeTarget section */
		78752AA9190634AA00CD168D /* Localize */ = {
			isa = PBXNativeTarget;
			buildConfigurationList = 78752ADC190634AA00CD168D /* Build configuration list for PBXNativeTarget "Localize" */;
			buildPhases = (
				78752AA6190634AA00CD168D /* Sources */,
				78752AA7190634AA00CD168D /* Frameworks */,
				78752AA8190634AA00CD168D /* Resources */,
			);
			buildRules = (
			);
			dependencies = (
			);
			name = Localize;
			productName = Localize;
			productReference = 78752AAA190634AA00CD168D /* Localize.app */;
			productType = "com.apple.product-type.application";
		};
		78752ACA190634AA00CD168D /* LocalizeTests */ = {
			isa = PBXNativeTarget;
			buildConfigurationList = 78752ADF190634AA00CD168D /* Build configuration list for PBXNativeTarget "LocalizeTests" */;
			buildPhases = (
				78752AC7190634AA00CD168D /* Sources */,
				78752AC8190634AA00CD168D /* Frameworks */,
				78752AC9190634AA00CD168D /* Resources */,
			);
			buildRules = (
			);
			dependencies = (
				78752AD1190634AA00CD168D /* PBXTargetDependency */,
			);
			name = LocalizeTests;
			productName = LocalizeTests;
			productReference = 78752ACB190634AA00CD168D /* LocalizeTests.xctest */;
			productType = "com.apple.product-type.bundle.unit-test";
		};
/* End PBXNativeTarget section */

/* Begin PBXProject section */
		78752AA2190634AA00CD168D /* Project object */ = {
			isa = PBXProject;
			attributes = {
				LastUpgradeCheck = 0510;
				ORGANIZATIONNAME = "MAEDA HAJIME";
				TargetAttributes = {
					78752ACA190634AA00CD168D = {
						TestTargetID = 78752AA9190634AA00CD168D;
					};
				};
			};
			buildConfigurationList = 78752AA5190634AA00CD168D /* Build configuration list for PBXProject "Localize" */;
			compatibilityVersion = "Xcode 3.2";
			developmentRegion = English;
			hasScannedForEncodings = 0;
			knownRegions = (
				en,
				Base,
				ja,
				"en-GB",
				fr,
			);
			mainGroup = 78752AA1190634AA00CD168D;
			productRefGroup = 78752AAB190634AA00CD168D /* Products */;
			projectDirPath = "";
			projectRoot = "";
			targets = (
				78752AA9190634AA00CD168D /* Localize */,
				78752ACA190634AA00CD168D /* LocalizeTests */,
			);
		};
/* End PBXProject section */

/* Begin PBXResourcesBuildPhase section */
		78752AA8190634AA00CD168D /* Resources */ = {
			isa = PBXResourcesBuildPhase;
			buildActionMask = 2147483647;
			files = (
				78752AF419063E8F00CD168D /* Localizable.strings in Resources */,
				78752AC6190634AA00CD168D /* Images.xcassets in Resources */,
				78752AB8190634AA00CD168D /* InfoPlist.strings in Resources */,
				78752AC1190634AA00CD168D /* Main.storyboard in Resources */,
				78752AEA1906379400CD168D /* img.png in Resources */,
			);
			runOnlyForDeploymentPostprocessing = 0;
		};
		78752AC9190634AA00CD168D /* Resources */ = {
			isa = PBXResourcesBuildPhase;
			buildActionMask = 2147483647;
			files = (
				78752AD7190634AA00CD168D /* InfoPlist.strings in Resources */,
			);
			runOnlyForDeploymentPostprocessing = 0;
		};
/* End PBXResourcesBuildPhase section */

/* Begin PBXSourcesBuildPhase section */
		78752AA6190634AA00CD168D /* Sources */ = {
			isa = PBXSourcesBuildPhase;
			buildActionMask = 2147483647;
			files = (
				78752AC4190634AA00CD168D /* ViewController.m in Sources */,
				78752ABE190634AA00CD168D /* AppDelegate.m in Sources */,
				78752ABA190634AA00CD168D /* main.m in Sources */,
			);
			runOnlyForDeploymentPostprocessing = 0;
		};
		78752AC7190634AA00CD168D /* Sources */ = {
			isa = PBXSourcesBuildPhase;
			buildActionMask = 2147483647;
			files = (
				78752AD9190634AA00CD168D /* LocalizeTests.m in Sources */,
			);
			runOnlyForDeploymentPostprocessing = 0;
		};
/* End PBXSourcesBuildPhase section */

/* Begin PBXTargetDependency section */
		78752AD1190634AA00CD168D /* PBXTargetDependency */ = {
			isa = PBXTargetDependency;
			target = 78752AA9190634AA00CD168D /* Localize */;
			targetProxy = 78752AD0190634AA00CD168D /* PBXContainerItemProxy */;
		};
/* End PBXTargetDependency section */

/* Begin PBXVariantGroup section */
		78752AB6190634AA00CD168D /* InfoPlist.strings */ = {
			isa = PBXVariantGroup;
			children = (
				78752AB7190634AA00CD168D /* en */,
				78752AE2190634EF00CD168D /* ja */,
				78752AF019063ABA00CD168D /* fr */,
			);
			name = InfoPlist.strings;
			sourceTree = "<group>";
		};
		78752ABF190634AA00CD168D /* Main.storyboard */ = {
			isa = PBXVariantGroup;
			children = (
				78752AC0190634AA00CD168D /* Base */,
			);
			name = Main.storyboard;
			sourceTree = "<group>";
		};
		78752AD5190634AA00CD168D /* InfoPlist.strings */ = {
			isa = PBXVariantGroup;
			children = (
				78752AD6190634AA00CD168D /* en */,
				78752AE3190634EF00CD168D /* ja */,
				78752AF119063ABA00CD168D /* fr */,
			);
			name = InfoPlist.strings;
			sourceTree = "<group>";
		};
		78752AEC1906379400CD168D /* img.png */ = {
			isa = PBXVariantGroup;
			children = (
				78752AEB1906379400CD168D /* en */,
				78752AED190637C700CD168D /* ja */,
				78752AEF19063ABA00CD168D /* fr */,
			);
			name = img.png;
			sourceTree = "<group>";
		};
		78752AF619063E8F00CD168D /* Localizable.strings */ = {
			isa = PBXVariantGroup;
			children = (
				78752AF519063E8F00CD168D /* en */,
				78752AF719063E9E00CD168D /* ja */,
				78752AF819063EA200CD168D /* fr */,
			);
			name = Localizable.strings;
			sourceTree = "<group>";
		};
/* End PBXVariantGroup section */

/* Begin XCBuildConfiguration section */
		78752ADA190634AA00CD168D /* Debug */ = {
			isa = XCBuildConfiguration;
			buildSettings = {
				ALWAYS_SEARCH_USER_PATHS = NO;
				CLANG_CXX_LANGUAGE_STANDARD = "gnu++0x";
				CLANG_CXX_LIBRARY = "libc++";
				CLANG_ENABLE_MODULES = YES;
				CLANG_ENABLE_OBJC_ARC = YES;
				CLANG_WARN_BOOL_CONVERSION = YES;
				CLANG_WARN_CONSTANT_CONVERSION = YES;
				CLANG_WARN_DIRECT_OBJC_ISA_USAGE = YES_ERROR;
				CLANG_WARN_EMPTY_BODY = YES;
				CLANG_WARN_ENUM_CONVERSION = YES;
				CLANG_WARN_INT_CONVERSION = YES;
				CLANG_WARN_OBJC_ROOT_CLASS = YES_ERROR;
				CLANG_WARN__DUPLICATE_METHOD_MATCH = YES;
				"CODE_SIGN_IDENTITY[sdk=iphoneos*]" = "iPhone Developer";
				COPY_PHASE_STRIP = NO;
				GCC_C_LANGUAGE_STANDARD = gnu99;
				GCC_DYNAMIC_NO_PIC = NO;
				GCC_OPTIMIZATION_LEVEL = 0;
				GCC_PREPROCESSOR_DEFINITIONS = (
					"DEBUG=1",
					"$(inherited)",
				);
				GCC_SYMBOLS_PRIVATE_EXTERN = NO;
				GCC_WARN_64_TO_32_BIT_CONVERSION = YES;
				GCC_WARN_ABOUT_RETURN_TYPE = YES_ERROR;
				GCC_WARN_UNDECLARED_SELECTOR = YES;
				GCC_WARN_UNINITIALIZED_AUTOS = YES_AGGRESSIVE;
				GCC_WARN_UNUSED_FUNCTION = YES;
				GCC_WARN_UNUSED_VARIABLE = YES;
				IPHONEOS_DEPLOYMENT_TARGET = 7.1;
				ONLY_ACTIVE_ARCH = YES;
				SDKROOT = iphoneos;
			};
			name = Debug;
		};
		78752ADB190634AA00CD168D /* Release */ = {
			isa = XCBuildConfiguration;
			buildSettings = {
				ALWAYS_SEARCH_USER_PATHS = NO;
				CLANG_CXX_LANGUAGE_STANDARD = "gnu++0x";
				CLANG_CXX_LIBRARY = "libc++";
				CLANG_ENABLE_MODULES = YES;
				CLANG_ENABLE_OBJC_ARC = YES;
				CLANG_WARN_BOOL_CONVERSION = YES;
				CLANG_WARN_CONSTANT_CONVERSION = YES;
				CLANG_WARN_DIRECT_OBJC_ISA_USAGE = YES_ERROR;
				CLANG_WARN_EMPTY_BODY = YES;
				CLANG_WARN_ENUM_CONVERSION = YES;
				CLANG_WARN_INT_CONVERSION = YES;
				CLANG_WARN_OBJC_ROOT_CLASS = YES_ERROR;
				CLANG_WARN__DUPLICATE_METHOD_MATCH = YES;
				"CODE_SIGN_IDENTITY[sdk=iphoneos*]" = "iPhone Developer";
				COPY_PHASE_STRIP = YES;
				ENABLE_NS_ASSERTIONS = NO;
				GCC_C_LANGUAGE_STANDARD = gnu99;
				GCC_WARN_64_TO_32_BIT_CONVERSION = YES;
				GCC_WARN_ABOUT_RETURN_TYPE = YES_ERROR;
				GCC_WARN_UNDECLARED_SELECTOR = YES;
				GCC_WARN_UNINITIALIZED_AUTOS = YES_AGGRESSIVE;
				GCC_WARN_UNUSED_FUNCTION = YES;
				GCC_WARN_UNUSED_VARIABLE = YES;
				IPHONEOS_DEPLOYMENT_TARGET = 7.1;
				SDKROOT = iphoneos;
				VALIDATE_PRODUCT = YES;
			};
			name = Release;
		};
		78752ADD190634AA00CD168D /* Debug */ = {
			isa = XCBuildConfiguration;
			buildSettings = {
				ASSETCATALOG_COMPILER_APPICON_NAME = AppIcon;
				ASSETCATALOG_COMPILER_LAUNCHIMAGE_NAME = LaunchImage;
				GCC_PRECOMPILE_PREFIX_HEADER = YES;
				GCC_PREFIX_HEADER = "Localize/Localize-Prefix.pch";
				INFOPLIST_FILE = "Localize/Localize-Info.plist";
				PRODUCT_NAME = "$(TARGET_NAME)";
				WRAPPER_EXTENSION = app;
			};
			name = Debug;
		};
		78752ADE190634AA00CD168D /* Release */ = {
			isa = XCBuildConfiguration;
			buildSettings = {
				ASSETCATALOG_COMPILER_APPICON_NAME = AppIcon;
				ASSETCATALOG_COMPILER_LAUNCHIMAGE_NAME = LaunchImage;
				GCC_PRECOMPILE_PREFIX_HEADER = YES;
				GCC_PREFIX_HEADER = "Localize/Localize-Prefix.pch";
				INFOPLIST_FILE = "Localize/Localize-Info.plist";
				PRODUCT_NAME = "$(TARGET_NAME)";
				WRAPPER_EXTENSION = app;
			};
			name = Release;
		};
		78752AE0190634AA00CD168D /* Debug */ = {
			isa = XCBuildConfiguration;
			buildSettings = {
				BUNDLE_LOADER = "$(BUILT_PRODUCTS_DIR)/Localize.app/Localize";
				FRAMEWORK_SEARCH_PATHS = (
					"$(SDKROOT)/Developer/Library/Frameworks",
					"$(inherited)",
					"$(DEVELOPER_FRAMEWORKS_DIR)",
				);
				GCC_PRECOMPILE_PREFIX_HEADER = YES;
				GCC_PREFIX_HEADER = "Localize/Localize-Prefix.pch";
				GCC_PREPROCESSOR_DEFINITIONS = (
					"DEBUG=1",
					"$(inherited)",
				);
				INFOPLIST_FILE = "LocalizeTests/LocalizeTests-Info.plist";
				PRODUCT_NAME = "$(TARGET_NAME)";
				TEST_HOST = "$(BUNDLE_LOADER)";
				WRAPPER_EXTENSION = xctest;
			};
			name = Debug;
		};
		78752AE1190634AA00CD168D /* Release */ = {
			isa = XCBuildConfiguration;
			buildSettings = {
				BUNDLE_LOADER = "$(BUILT_PRODUCTS_DIR)/Localize.app/Localize";
				FRAMEWORK_SEARCH_PATHS = (
					"$(SDKROOT)/Developer/Library/Frameworks",
					"$(inherited)",
					"$(DEVELOPER_FRAMEWORKS_DIR)",
				);
				GCC_PRECOMPILE_PREFIX_HEADER = YES;
				GCC_PREFIX_HEADER = "Localize/Localize-Prefix.pch";
				INFOPLIST_FILE = "LocalizeTests/LocalizeTests-Info.plist";
				PRODUCT_NAME = "$(TARGET_NAME)";
				TEST_HOST = "$(BUNDLE_LOADER)";
				WRAPPER_EXTENSION = xctest;
			};
			name = Release;
		};
/* End XCBuildConfiguration section */

/* Begin XCConfigurationList section */
		78752AA5190634AA00CD168D /* Build configuration list for PBXProject "Localize" */ = {
			isa = XCConfigurationList;
			buildConfigurations = (
				78752ADA190634AA00CD168D /* Debug */,
				78752ADB190634AA00CD168D /* Release */,
			);
			defaultConfigurationIsVisible = 0;
			defaultConfigurationName = Release;
		};
		78752ADC190634AA00CD168D /* Build configuration list for PBXNativeTarget "Localize" */ = {
			isa = XCConfigurationList;
			buildConfigurations = (
				78752ADD190634AA00CD168D /* Debug */,
				78752ADE190634AA00CD168D /* Release */,
			);
			defaultConfigurationIsVisible = 0;
		};
		78752ADF190634AA00CD168D /* Build configuration list for PBXNativeTarget "LocalizeTests" */ = {
			isa = XCConfigurationList;
			buildConfigurations = (
				78752AE0190634AA00CD168D /* Debug */,
				78752AE1190634AA00CD168D /* Release */,
			);
			defaultConfigurationIsVisible = 0;
		};
/* End XCConfigurationList section */
	};
	rootObject = 78752AA2190634AA00CD168D /* Project object */;
}
